
Microsoft Visual Studio Solution File, Format Version 10.00
# Visual Studio 2008
Project("{8BC9CEB8-8B4A-11D0-8D11-00A0C91BC942}") = "task2_10", "task2_10\task2_10.vcproj", "{7CEEBF9F-9B80-40CE-96DA-20BF5A54602B}"
EndProject
Global
	GlobalSection(SolutionConfigurationPlatforms) = preSolution
		Debug|Win32 = Debug|Win32
		Release|Win32 = Release|Win32
	EndGlobalSection
	GlobalSection(ProjectConfigurationPlatforms) = postSolution
		{7CEEBF9F-9B80-40CE-96DA-20BF5A54602B}.Debug|Win32.ActiveCfg = Debug|Win32
		{7CEEBF9F-9B80-40CE-96DA-20BF5A54602B}.Debug|Win32.Build.0 = Debug|Win32
		{7CEEBF9F-9B80-40CE-96DA-20BF5A54602B}.Release|Win32.ActiveCfg = Release|Win32
		{7CEEBF9F-9B80-40CE-96DA-20BF5A54602B}.Release|Win32.Build.0 = Release|Win32
	EndGlobalSection
	GlobalSection(SolutionProperties) = preSolution
		HideSolutionNode = FALSE
	EndGlobalSection
EndGlobal
